
Microsoft Visual Studio Solution File, Format Version 12.00
# Visual Studio Version 17
VisualStudioVersion = 17.1.32421.90
MinimumVisualStudioVersion = 10.0.40219.1
Project("{FAE04EC0-301F-11D3-BF4B-00C04F79EFBC}") = "Rock Paper Scisors", "Rock Paper Scisors\Rock Paper Scisors.csproj", "{737C049F-1CBE-4457-B68F-446A7DF20843}"
EndProject
Global
	GlobalSection(SolutionConfigurationPlatforms) = preSolution
		Debug|Any CPU = Debug|Any CPU
		Release|Any CPU = Release|Any CPU
	EndGlobalSection
	GlobalSection(ProjectConfigurationPlatforms) = postSolution
		{737C049F-1CBE-4457-B68F-446A7DF20843}.Debug|Any CPU.ActiveCfg = Debug|Any CPU
		{737C049F-1CBE-4457-B68F-446A7DF20843}.Debug|Any CPU.Build.0 = Debug|Any CPU
		{737C049F-1CBE-4457-B68F-446A7DF20843}.Release|Any CPU.ActiveCfg = Release|Any CPU
		{737C049F-1CBE-4457-B68F-446A7DF20843}.Release|Any CPU.Build.0 = Release|Any CPU
	EndGlobalSection
	GlobalSection(SolutionProperties) = preSolution
		HideSolutionNode = FALSE
	EndGlobalSection
	GlobalSection(ExtensibilityGlobals) = postSolution
		SolutionGuid = {54026483-CDF3-4553-BC78-8EFEB3229AA8}
	EndGlobalSection
EndGlobal
